
Microsoft Visual Studio Solution File, Format Version 12.00
# Visual Studio Version 17
VisualStudioVersion = 17.6.33815.320
MinimumVisualStudioVersion = 10.0.40219.1
Project("{FAE04EC0-301F-11D3-BF4B-00C04F79EFBC}") = "WPFOrganizerApp", "WPFOrganizerApp\WPFOrganizerApp.csproj", "{52AFD24D-B85A-45C5-AF12-03D151268CBC}"
EndProject
Global
	GlobalSection(SolutionConfigurationPlatforms) = preSolution
		Debug|Any CPU = Debug|Any CPU
		Release|Any CPU = Release|Any CPU
	EndGlobalSection
	GlobalSection(ProjectConfigurationPlatforms) = postSolution
		{52AFD24D-B85A-45C5-AF12-03D151268CBC}.Debug|Any CPU.ActiveCfg = Debug|Any CPU
		{52AFD24D-B85A-45C5-AF12-03D151268CBC}.Debug|Any CPU.Build.0 = Debug|Any CPU
		{52AFD24D-B85A-45C5-AF12-03D151268CBC}.Release|Any CPU.ActiveCfg = Release|Any CPU
		{52AFD24D-B85A-45C5-AF12-03D151268CBC}.Release|Any CPU.Build.0 = Release|Any CPU
	EndGlobalSection
	GlobalSection(SolutionProperties) = preSolution
		HideSolutionNode = FALSE
	EndGlobalSection
	GlobalSection(ExtensibilityGlobals) = postSolution
		SolutionGuid = {98129108-CA24-4D27-B4F9-E139609D9479}
	EndGlobalSection
EndGlobal
